
Microsoft Visual Studio Solution File, Format Version 11.00
# Visual Studio Version 17

Project("{8BC9CEB8-8B4A-11D0-8D11-00A0C91BC942}") = "viator-voice-sweetener - Standalone Plugin", "viator-voice-sweetener_StandalonePlugin.vcxproj", "{0B60799E-5E23-DBEA-E296-8480F5C749CA}"
	ProjectSection(ProjectDependencies) = postProject
		{3BFD58D7-2E40-F760-BDB7-B9F58136D236} = {3BFD58D7-2E40-F760-BDB7-B9F58136D236}
	EndProjectSection
EndProject
Project("{8BC9CEB8-8B4A-11D0-8D11-00A0C91BC942}") = "viator-voice-sweetener - VST3", "viator-voice-sweetener_VST3.vcxproj", "{4FC9B7FB-022B-E75F-D312-D099EB852D01}"
	ProjectSection(ProjectDependencies) = postProject
		{3BFD58D7-2E40-F760-BDB7-B9F58136D236} = {3BFD58D7-2E40-F760-BDB7-B9F58136D236}
	EndProjectSection
EndProject
Project("{8BC9CEB8-8B4A-11D0-8D11-00A0C91BC942}") = "viator-voice-sweetener - Shared Code", "viator-voice-sweetener_SharedCode.vcxproj", "{3BFD58D7-2E40-F760-BDB7-B9F58136D236}"
EndProject
Global
	GlobalSection(SolutionConfigurationPlatforms) = preSolution
		Debug|x64 = Debug|x64
		Release|x64 = Release|x64
	EndGlobalSection
	GlobalSection(ProjectConfigurationPlatforms) = postSolution
		{4FC9B7FB-022B-E75F-D312-D099EB852D01}.Debug|x64.ActiveCfg = Debug|x64
		{4FC9B7FB-022B-E75F-D312-D099EB852D01}.Debug|x64.Build.0 = Debug|x64
		{4FC9B7FB-022B-E75F-D312-D099EB852D01}.Release|x64.ActiveCfg = Release|x64
		{4FC9B7FB-022B-E75F-D312-D099EB852D01}.Release|x64.Build.0 = Release|x64
		{0B60799E-5E23-DBEA-E296-8480F5C749CA}.Debug|x64.ActiveCfg = Debug|x64
		{0B60799E-5E23-DBEA-E296-8480F5C749CA}.Debug|x64.Build.0 = Debug|x64
		{0B60799E-5E23-DBEA-E296-8480F5C749CA}.Release|x64.ActiveCfg = Release|x64
		{0B60799E-5E23-DBEA-E296-8480F5C749CA}.Release|x64.Build.0 = Release|x64
		{3BFD58D7-2E40-F760-BDB7-B9F58136D236}.Debug|x64.ActiveCfg = Debug|x64
		{3BFD58D7-2E40-F760-BDB7-B9F58136D236}.Debug|x64.Build.0 = Debug|x64
		{3BFD58D7-2E40-F760-BDB7-B9F58136D236}.Release|x64.ActiveCfg = Release|x64
		{3BFD58D7-2E40-F760-BDB7-B9F58136D236}.Release|x64.Build.0 = Release|x64
	EndGlobalSection
	GlobalSection(SolutionProperties) = preSolution
		HideSolutionNode = FALSE
	EndGlobalSection
EndGlobal
